
Microsoft Visual Studio Solution File, Format Version 12.00
# Visual Studio Version 16
VisualStudioVersion = 16.0.31911.196
MinimumVisualStudioVersion = 10.0.40219.1
Project("{FAE04EC0-301F-11D3-BF4B-00C04F79EFBC}") = "labaa 2.4 RW", "labaa 2.4 RW.csproj", "{7C9D408F-D942-4CB1-938F-161D5CC54D8C}"
EndProject
Global
	GlobalSection(SolutionConfigurationPlatforms) = preSolution
		Debug|Any CPU = Debug|Any CPU
		Release|Any CPU = Release|Any CPU
	EndGlobalSection
	GlobalSection(ProjectConfigurationPlatforms) = postSolution
		{7C9D408F-D942-4CB1-938F-161D5CC54D8C}.Debug|Any CPU.ActiveCfg = Debug|Any CPU
		{7C9D408F-D942-4CB1-938F-161D5CC54D8C}.Debug|Any CPU.Build.0 = Debug|Any CPU
		{7C9D408F-D942-4CB1-938F-161D5CC54D8C}.Release|Any CPU.ActiveCfg = Release|Any CPU
		{7C9D408F-D942-4CB1-938F-161D5CC54D8C}.Release|Any CPU.Build.0 = Release|Any CPU
	EndGlobalSection
	GlobalSection(SolutionProperties) = preSolution
		HideSolutionNode = FALSE
	EndGlobalSection
	GlobalSection(ExtensibilityGlobals) = postSolution
		SolutionGuid = {66489296-2A67-4351-8BF2-B9CD3149485E}
	EndGlobalSection
EndGlobal
